
Microsoft Visual Studio Solution File, Format Version 12.00
# Visual Studio Version 16
VisualStudioVersion = 16.0.29905.134
MinimumVisualStudioVersion = 10.0.40219.1
Project("{FAE04EC0-301F-11D3-BF4B-00C04F79EFBC}") = "ConsoleApp1", "ConsoleApp1\ConsoleApp1.csproj", "{C1A6DF28-9E3E-47D7-8581-29F24AC33E2C}"
EndProject
Global
	GlobalSection(SolutionConfigurationPlatforms) = preSolution
		Debug|Any CPU = Debug|Any CPU
		Release|Any CPU = Release|Any CPU
	EndGlobalSection
	GlobalSection(ProjectConfigurationPlatforms) = postSolution
		{C1A6DF28-9E3E-47D7-8581-29F24AC33E2C}.Debug|Any CPU.ActiveCfg = Debug|Any CPU
		{C1A6DF28-9E3E-47D7-8581-29F24AC33E2C}.Debug|Any CPU.Build.0 = Debug|Any CPU
		{C1A6DF28-9E3E-47D7-8581-29F24AC33E2C}.Release|Any CPU.ActiveCfg = Release|Any CPU
		{C1A6DF28-9E3E-47D7-8581-29F24AC33E2C}.Release|Any CPU.Build.0 = Release|Any CPU
	EndGlobalSection
	GlobalSection(SolutionProperties) = preSolution
		HideSolutionNode = FALSE
	EndGlobalSection
	GlobalSection(ExtensibilityGlobals) = postSolution
		SolutionGuid = {25C0EC04-A8C1-4373-B05F-D660AD5DE28B}
	EndGlobalSection
EndGlobal
